{
          "requires": true,
          "lockfileVersion": 1,
          "dependencies": {
                    "@trysound/sax": {
                              "version": "0.2.0",
                              "resolved": "https://registry.npmjs.org/@trysound/sax/-/sax-0.2.0.tgz",
                              "integrity": "sha512-L7z9BgrNEcYyUYtF+HaEfiS5ebkh9jXqbszz7pC0hRBPaatV0XjSD3+eHrpqFemQfgwiFF0QPIarnIihIDn7OA=="
                    },
                    "amdefine": {
                              "version": "1.0.1",
                              "resolved": "https://registry.npmjs.org/amdefine/-/amdefine-1.0.1.tgz",
                              "integrity": "sha1-SlKCrBZHKek2Gbz9OtFR+BfOkfU="
                    },
                    "argparse": {
                              "version": "0.1.16",
                              "resolved": "https://registry.npmjs.org/argparse/-/argparse-0.1.16.tgz",
                              "integrity": "sha1-z9AeD7uj1srtBJ+9dY1A9lGW9Xw=",
                              "requires": {
                                        "underscore": "~1.7.0",
                                        "underscore.string": "~2.4.0"
                              }
                    },
                    "async": {
                              "version": "0.2.10",
                              "resolved": "https://registry.npmjs.org/async/-/async-0.2.10.tgz",
                              "integrity": "sha1-trvgsGdLnXGXCMo43owjfLUmw9E="
                    },
                    "balanced-match": {
                              "version": "1.0.0",
                              "resolved": "https://registry.npmjs.org/balanced-match/-/balanced-match-1.0.0.tgz",
                              "integrity": "sha1-ibTRmasr7kneFk6gK4nORi1xt2c="
                    },
                    "boolbase": {
                              "version": "1.0.0",
                              "resolved": "https://registry.npmjs.org/boolbase/-/boolbase-1.0.0.tgz",
                              "integrity": "sha512-JZOSA7Mo9sNGB8+UjSgzdLtokWAky1zbztM3WRLCbZ70/3cTANmQmOdR7y2g+J0e2WXywy1yS468tY+IruqEww=="
                    },
                    "brace-expansion": {
                              "version": "1.1.11",
                              "resolved": "https://registry.npmjs.org/brace-expansion/-/brace-expansion-1.1.11.tgz",
                              "integrity": "sha512-iCuPHDFgrHX7H2vEI/5xpz07zSHB00TpugqhmYtVmMO6518mCuRMoOYFldEBl0g187ufozdaHgWKcYFb61qGiA==",
                              "requires": {
                                        "balanced-match": "^1.0.0",
                                        "concat-map": "0.0.1"
                              }
                    },
                    "character-parser": {
                              "version": "1.0.2",
                              "resolved": "https://registry.npmjs.org/character-parser/-/character-parser-1.0.2.tgz",
                              "integrity": "sha1-VThNavz4xrndSD6DR2RqeQ5FRec="
                    },
                    "coa": {
                              "version": "0.3.9",
                              "resolved": "https://registry.npmjs.org/coa/-/coa-0.3.9.tgz",
                              "integrity": "sha1-fj0g0wr3C4CGLpXU1JtxUYO+lgQ=",
                              "requires": {
                                        "q": "~0.8.10"
                              }
                    },
                    "colors": {
                              "version": "0.6.2",
                              "resolved": "https://registry.npmjs.org/colors/-/colors-0.6.2.tgz",
                              "integrity": "sha1-JCP+ZnisDF2uiFLl0OW+CMmXq8w="
                    },
                    "commander": {
                              "version": "1.1.1",
                              "resolved": "https://registry.npmjs.org/commander/-/commander-1.1.1.tgz",
                              "integrity": "sha1-UNFlGGiuYOzP8KLZ80WVN2vGsEE=",
                              "requires": {
                                        "keypress": "0.1.x"
                              }
                    },
                    "concat-map": {
                              "version": "0.0.1",
                              "resolved": "https://registry.npmjs.org/concat-map/-/concat-map-0.0.1.tgz",
                              "integrity": "sha1-2Klr13/Wjfd5OnMDajug1UBdR3s="
                    },
                    "css": {
                              "version": "1.0.8",
                              "resolved": "https://registry.npmjs.org/css/-/css-1.0.8.tgz",
                              "integrity": "sha1-k4aBHKgrzMnuf7WnMrHioxfIo+c=",
                              "requires": {
                                        "css-parse": "1.0.4",
                                        "css-stringify": "1.0.5"
                              }
                    },
                    "css-parse": {
                              "version": "1.0.4",
                              "resolved": "https://registry.npmjs.org/css-parse/-/css-parse-1.0.4.tgz",
                              "integrity": "sha1-OLBQP7+dqfVOnB29pg4UXHcRe90="
                    },
                    "css-select": {
                              "version": "4.3.0",
                              "resolved": "https://registry.npmjs.org/css-select/-/css-select-4.3.0.tgz",
                              "integrity": "sha512-wPpOYtnsVontu2mODhA19JrqWxNsfdatRKd64kmpRbQgh1KtItko5sTnEpPdpSaJszTOhEMlF/RPz28qj4HqhQ==",
                              "requires": {
                                        "boolbase": "^1.0.0",
                                        "css-what": "^6.0.1",
                                        "domhandler": "^4.3.1",
                                        "domutils": "^2.8.0",
                                        "nth-check": "^2.0.1"
                              }
                    },
                    "css-stringify": {
                              "version": "1.0.5",
                              "resolved": "https://registry.npmjs.org/css-stringify/-/css-stringify-1.0.5.tgz",
                              "integrity": "sha1-sNBClG2ylTu50pKQCmy19tASIDE="
                    },
                    "css-tree": {
                              "version": "1.1.3",
                              "resolved": "https://registry.npmjs.org/css-tree/-/css-tree-1.1.3.tgz",
                              "integrity": "sha512-tRpdppF7TRazZrjJ6v3stzv93qxRcSsFmW6cX0Zm2NVKpxE1WV1HblnghVv9TreireHkqI/VDEsfolRF1p6y7Q==",
                              "requires": {
                                        "mdn-data": "2.0.14",
                                        "source-map": "^0.6.1"
                              },
                              "dependencies": {
                                        "source-map": {
                                                  "version": "0.6.1",
                                                  "resolved": "https://registry.npmjs.org/source-map/-/source-map-0.6.1.tgz",
                                                  "integrity": "sha512-UjgapumWlbMhkBgzT7Ykc5YXUT46F0iKu8SGXq0bcwP5dz/h0Plj6enJqjz1Zbq2l5WaqYnrVbwWOWMyF3F47g=="
                                        }
                              }
                    },
                    "css-what": {
                              "version": "6.1.0",
                              "resolved": "https://registry.npmjs.org/css-what/-/css-what-6.1.0.tgz",
                              "integrity": "sha512-HTUrgRJ7r4dsZKU6GjmpfRK1O76h97Z8MfS1G0FozR+oF2kG6Vfe8JE6zwrkbxigziPHinCJ+gCPjA9EaBDtRw=="
                    },
                    "csso": {
                              "version": "4.2.0",
                              "resolved": "https://registry.npmjs.org/csso/-/csso-4.2.0.tgz",
                              "integrity": "sha512-wvlcdIbf6pwKEk7vHj8/Bkc0B4ylXZruLvOgs9doS5eOsOpuodOV2zJChSpkp+pRpYQLQMeF04nr3Z68Sta9jA==",
                              "requires": {
                                        "css-tree": "^1.1.2"
                              }
                    },
                    "cssom": {
                              "version": "0.2.5",
                              "resolved": "https://registry.npmjs.org/cssom/-/cssom-0.2.5.tgz",
                              "integrity": "sha1-JoJwm1kC5yEt9SkRb/eIzVslSJQ="
                    },
                    "debug": {
                              "version": "4.1.1",
                              "resolved": "https://registry.npmjs.org/debug/-/debug-4.1.1.tgz",
                              "integrity": "sha512-pYAIzeRo8J6KPEaJ0VWOh5Pzkbw/RetuzehGM7QRRX5he4fPHx2rdKMB256ehJCkX+XRQm16eZLqLNS8RSZXZw==",
                              "requires": {
                                        "ms": "^2.1.1"
                              }
                    },
                    "dom-serializer": {
                              "version": "1.4.1",
                              "resolved": "https://registry.npmjs.org/dom-serializer/-/dom-serializer-1.4.1.tgz",
                              "integrity": "sha512-VHwB3KfrcOOkelEG2ZOfxqLZdfkil8PtJi4P8N2MMXucZq2yLp75ClViUlOVwyoHEDjYU433Aq+5zWP61+RGag==",
                              "requires": {
                                        "domelementtype": "^2.0.1",
                                        "domhandler": "^4.2.0",
                                        "entities": "^2.0.0"
                              }
                    },
                    "domelementtype": {
                              "version": "2.3.0",
                              "resolved": "https://registry.npmjs.org/domelementtype/-/domelementtype-2.3.0.tgz",
                              "integrity": "sha512-OLETBj6w0OsagBwdXnPdN0cnMfF9opN69co+7ZrbfPGrdpPVNBUj02spi6B1N7wChLQiPn4CSH/zJvXw56gmHw=="
                    },
                    "domhandler": {
                              "version": "4.3.1",
                              "resolved": "https://registry.npmjs.org/domhandler/-/domhandler-4.3.1.tgz",
                              "integrity": "sha512-GrwoxYN+uWlzO8uhUXRl0P+kHE4GtVPfYzVLcUxPL7KNdHKj66vvlhiweIHqYYXWlw+T8iLMp42Lm67ghw4WMQ==",
                              "requires": {
                                        "domelementtype": "^2.2.0"
                              }
                    },
                    "domutils": {
                              "version": "2.8.0",
                              "resolved": "https://registry.npmjs.org/domutils/-/domutils-2.8.0.tgz",
                              "integrity": "sha512-w96Cjofp72M5IIhpjgobBimYEfoPjx1Vx0BSX9P30WBdZW2WIKU0T1Bd0kz2eNZ9ikjKgHbEyKx8BB6H1L3h3A==",
                              "requires": {
                                        "dom-serializer": "^1.0.1",
                                        "domelementtype": "^2.2.0",
                                        "domhandler": "^4.2.0"
                              }
                    },
                    "entities": {
                              "version": "2.2.0",
                              "resolved": "https://registry.npmjs.org/entities/-/entities-2.2.0.tgz",
                              "integrity": "sha512-p92if5Nz619I0w+akJrLZH0MX0Pb5DX39XOwQTtXSdQQOaYH03S1uIQp4mhOZtAXrxq4ViO67YTiLBo2638o9A=="
                    },
                    "esprima": {
                              "version": "1.0.4",
                              "resolved": "https://registry.npmjs.org/esprima/-/esprima-1.0.4.tgz",
                              "integrity": "sha1-n1V+CPw7TSbs6d00+Pv0drYlha0="
                    },
                    "fs-tools": {
                              "version": "0.2.11",
                              "resolved": "https://registry.npmjs.org/fs-tools/-/fs-tools-0.2.11.tgz",
                              "integrity": "sha1-ZKYzkRn42mh75NH9vaN+4PiOZEw=",
                              "requires": {
                                        "async": "~ 0.2.9",
                                        "lodash": "~ 2.4.1"
                              },
                              "dependencies": {
                                        "lodash": {
                                                  "version": "2.4.2",
                                                  "resolved": "https://registry.npmjs.org/lodash/-/lodash-2.4.2.tgz",
                                                  "integrity": "sha1-+t2DS5aDBz2hebPq5tnA0VBT9z4="
                                        }
                              }
                    },
                    "is-promise": {
                              "version": "1.0.1",
                              "resolved": "https://registry.npmjs.org/is-promise/-/is-promise-1.0.1.tgz",
                              "integrity": "sha1-MVc3YcBX4zwukaq56W2gjO++duU="
                    },
                    "jade": {
                              "version": "0.30.0",
                              "resolved": "https://registry.npmjs.org/jade/-/jade-0.30.0.tgz",
                              "integrity": "sha1-nqgW2mG+pv70cJtNn2tELx4gW6M=",
                              "requires": {
                                        "character-parser": "~1.0.0",
                                        "commander": "~1.1.1",
                                        "mkdirp": "0.3.x",
                                        "monocle": "~0.1.46",
                                        "transformers": "~2.0.1"
                              }
                    },
                    "js-yaml": {
                              "version": "2.0.5",
                              "resolved": "https://registry.npmjs.org/js-yaml/-/js-yaml-2.0.5.tgz",
                              "integrity": "sha1-olrmUJmZ6X3yeMZxnaEb0Gh3Q6g=",
                              "requires": {
                                        "argparse": "~ 0.1.11",
                                        "esprima": "~ 1.0.2"
                              }
                    },
                    "keypress": {
                              "version": "0.1.0",
                              "resolved": "https://registry.npmjs.org/keypress/-/keypress-0.1.0.tgz",
                              "integrity": "sha1-SjGI1CkbZrT2XtuZ+AaqmuKTWSo="
                    },
                    "lodash": {
                              "version": "1.2.1",
                              "resolved": "https://registry.npmjs.org/lodash/-/lodash-1.2.1.tgz",
                              "integrity": "sha1-7UexbkbwaytAMJto6RY8F+k+owQ="
                    },
                    "mdn-data": {
                              "version": "2.0.14",
                              "resolved": "https://registry.npmjs.org/mdn-data/-/mdn-data-2.0.14.tgz",
                              "integrity": "sha512-dn6wd0uw5GsdswPFfsgMp5NSB0/aDe6fK94YJV/AJDYXL6HVLWBsxeq7js7Ad+mU2K9LAlwpk6kN2D5mwCPVow=="
                    },
                    "minimatch": {
                              "version": "3.0.4",
                              "resolved": "https://registry.npmjs.org/minimatch/-/minimatch-3.0.4.tgz",
                              "integrity": "sha512-yJHVQEhyqPLUTgt9B83PXu6W3rx4MvvHvSUvToogpwoGDOUQ+yDrR0HRot+yOCdCO7u4hX3pWft6kWBBcqh0UA==",
                              "requires": {
                                        "brace-expansion": "^1.1.7"
                              }
                    },
                    "mkdirp": {
                              "version": "0.3.5",
                              "resolved": "https://registry.npmjs.org/mkdirp/-/mkdirp-0.3.5.tgz",
                              "integrity": "sha1-3j5fiWHIjHh+4TaN+EmsRBPsqNc="
                    },
                    "monocle": {
                              "version": "0.1.50",
                              "resolved": "https://registry.npmjs.org/monocle/-/monocle-0.1.50.tgz",
                              "integrity": "sha1-mny9DMwQ3pX9eKBLm+skgq5JQLc=",
                              "requires": {
                                        "readdirp": "~0.2.3"
                              }
                    },
                    "ms": {
                              "version": "2.1.2",
                              "resolved": "https://registry.npmjs.org/ms/-/ms-2.1.2.tgz",
                              "integrity": "sha512-sGkPx+VjMtmA6MX27oA4FBFELFCZZ4S4XqeGOXCv68tT+jb3vk/RyaKWP0PTKyWtmLSM0b+adUTEvbs1PEaH2w=="
                    },
                    "nth-check": {
                              "version": "2.1.1",
                              "resolved": "https://registry.npmjs.org/nth-check/-/nth-check-2.1.1.tgz",
                              "integrity": "sha512-lqjrjmaOoAnWfMmBPL+XNnynZh2+swxiX3WUE0s4yEHI6m+AwrK2UZOimIRl3X/4QctVqS8AiZjFqyOGrMXb/w==",
                              "requires": {
                                        "boolbase": "^1.0.0"
                              }
                    },
                    "optimist": {
                              "version": "0.3.7",
                              "resolved": "https://registry.npmjs.org/optimist/-/optimist-0.3.7.tgz",
                              "integrity": "sha1-yQlBrVnkJzMokjB00s8ufLxuwNk=",
                              "requires": {
                                        "wordwrap": "~0.0.2"
                              }
                    },
                    "picocolors": {
                              "version": "1.0.0",
                              "resolved": "https://registry.npmjs.org/picocolors/-/picocolors-1.0.0.tgz",
                              "integrity": "sha512-1fygroTLlHu66zi26VoTDv8yRgm0Fccecssto+MhsZ0D/DGW2sm8E8AjW7NU5VVTRt5GxbeZ5qBuJr+HyLYkjQ=="
                    },
                    "promise": {
                              "version": "2.0.0",
                              "resolved": "https://registry.npmjs.org/promise/-/promise-2.0.0.tgz",
                              "integrity": "sha1-RmSKqdYFr10ucMMCS/WUNtoCuA4=",
                              "requires": {
                                        "is-promise": "~1"
                              }
                    },
                    "q": {
                              "version": "0.8.12",
                              "resolved": "https://registry.npmjs.org/q/-/q-0.8.12.tgz",
                              "integrity": "sha1-kWKpHhGBnEvNp9oVz1/vqtB3iCM="
                    },
                    "readdirp": {
                              "version": "0.2.5",
                              "resolved": "https://registry.npmjs.org/readdirp/-/readdirp-0.2.5.tgz",
                              "integrity": "sha1-xMJ25Sl3riXbUZH+UdAIVQ8V2bs=",
                              "requires": {
                                        "minimatch": ">=0.2.4"
                              }
                    },
                    "sax": {
                              "version": "0.5.8",
                              "resolved": "https://registry.npmjs.org/sax/-/sax-0.5.8.tgz",
                              "integrity": "sha1-1HLbIo6zMcJQaw6MFVJK25OdEsE="
                    },
                    "source-map": {
                              "version": "0.1.43",
                              "resolved": "https://registry.npmjs.org/source-map/-/source-map-0.1.43.tgz",
                              "integrity": "sha1-wkvBRspRfBRx9drL4lcbK3+eM0Y=",
                              "requires": {
                                        "amdefine": ">=0.0.4"
                              }
                    },
                    "sprintf-js": {
                              "version": "1.0.3",
                              "resolved": "https://registry.npmjs.org/sprintf-js/-/sprintf-js-1.0.3.tgz",
                              "integrity": "sha1-BOaSb2YolTVPPdAVIDYzuFcpfiw="
                    },
                    "stable": {
                              "version": "0.1.8",
                              "resolved": "https://registry.npmjs.org/stable/-/stable-0.1.8.tgz",
                              "integrity": "sha512-ji9qxRnOVfcuLDySj9qzhGSEFVobyt1kIOSkj1qZzYLzq7Tos/oUUWvotUPQLlrsidqsK6tBH89Bc9kL5zHA6w=="
                    },
                    "stylus": {
                              "version": "0.32.1",
                              "resolved": "https://registry.npmjs.org/stylus/-/stylus-0.32.1.tgz",
                              "integrity": "sha1-PSgnW9nxgQhfjdD6UqhVlpaXghI=",
                              "requires": {
                                        "cssom": "0.2.x",
                                        "debug": "*",
                                        "mkdirp": "0.3.x"
                              }
                    },
                    "svg-font-create": {
                              "version": "0.0.5",
                              "resolved": "https://registry.npmjs.org/svg-font-create/-/svg-font-create-0.0.5.tgz",
                              "integrity": "sha1-zI4s7Oheq8nSYPTH3nfcso+U7vA=",
                              "requires": {
                                        "argparse": "~ 0.1.7",
                                        "fs-tools": "~ 0.2.6",
                                        "js-yaml": "~ 2.0.5",
                                        "lodash": "~ 1.2.1",
                                        "svgo": "~ 0.3.2",
                                        "xmldom": "~ 0.1.5"
                              },
                              "dependencies": {
                                        "esprima": {
                                                  "version": "4.0.1",
                                                  "resolved": "https://registry.npmjs.org/esprima/-/esprima-4.0.1.tgz",
                                                  "integrity": "sha512-eGuFFw7Upda+g4p+QHvnW0RyTX/SVeJBDM/gCtMARO0cLuT2HcEKnTPvhjV6aGeqrCB/sbNop0Kszm0jsaWU4A=="
                                        },
                                        "svgo": {
                                                  "version": "0.3.7",
                                                  "resolved": "https://registry.npmjs.org/svgo/-/svgo-0.3.7.tgz",
                                                  "integrity": "sha1-GOa7/Z9wuEtf6I5mVthEAsca56A=",
                                                  "requires": {
                                                            "coa": "~0.3.7",
                                                            "colors": "~0.6.0",
                                                            "js-yaml": "^3.13.1",
                                                            "sax": "~0.5.0",
                                                            "whet.extend": "^0.9.9"
                                                  },
                                                  "dependencies": {
                                                            "argparse": {
                                                                      "version": "1.0.10",
                                                                      "resolved": "https://registry.npmjs.org/argparse/-/argparse-1.0.10.tgz",
                                                                      "integrity": "sha512-o5Roy6tNG4SL/FOkCAN6RzjiakZS25RLYFrcMttJqbdd8BWrnA+fGz57iN5Pb06pvBGvl5gQ0B48dJlslXvoTg==",
                                                                      "requires": {
                                                                                "sprintf-js": "~1.0.2"
                                                                      }
                                                            },
                                                            "js-yaml": {
                                                                      "version": "3.13.1",
                                                                      "resolved": "https://registry.npmjs.org/js-yaml/-/js-yaml-3.13.1.tgz",
                                                                      "integrity": "sha512-YfbcO7jXDdyj0DGxYVSlSeQNHbD7XPWvrVWeVUujrQEoZzWJIRrCPoyk6kL6IAjAG2IolMK4T0hNUe0HOUs5Jw==",
                                                                      "requires": {
                                                                                "argparse": "^1.0.7",
                                                                                "esprima": "^4.0.0"
                                                                      }
                                                            }
                                                  }
                                        }
                              }
                    },
                    "svg-font-dump": {
                              "version": "0.0.7",
                              "resolved": "https://registry.npmjs.org/svg-font-dump/-/svg-font-dump-0.0.7.tgz",
                              "integrity": "sha1-YPu2ctbV3HKVWX08ZFvs76AQ2JI=",
                              "requires": {
                                        "argparse": "~ 0.1.7",
                                        "fs-tools": "~ 0.2.6",
                                        "js-yaml": "~ 2.0.5",
                                        "lodash": "~ 1.2.1",
                                        "xmldom": "~ 0.1.5"
                              }
                    },
                    "svgo": {
                              "version": "2.8.0",
                              "resolved": "https://registry.npmjs.org/svgo/-/svgo-2.8.0.tgz",
                              "integrity": "sha512-+N/Q9kV1+F+UeWYoSiULYo4xYSDQlTgb+ayMobAXPwMnLvop7oxKMo9OzIrX5x3eS4L4f2UHhc9axXwY8DpChg==",
                              "requires": {
                                        "@trysound/sax": "0.2.0",
                                        "commander": "^7.2.0",
                                        "css-select": "^4.1.3",
                                        "css-tree": "^1.1.3",
                                        "csso": "^4.2.0",
                                        "picocolors": "^1.0.0",
                                        "stable": "^0.1.8"
                              },
                              "dependencies": {
                                        "commander": {
                                                  "version": "7.2.0",
                                                  "resolved": "https://registry.npmjs.org/commander/-/commander-7.2.0.tgz",
                                                  "integrity": "sha512-QrWXB+ZQSVPmIWIhtEO9H+gwHaMGYiF5ChvoJ+K9ZGHG/sVsa6yiesAD1GC/x46sET00Xlwo1u49RVVVzvcSkw=="
                                        }
                              }
                    },
                    "transformers": {
                              "version": "2.0.1",
                              "resolved": "https://registry.npmjs.org/transformers/-/transformers-2.0.1.tgz",
                              "integrity": "sha1-NSEx3865OnUy3HU1pPFCUQQ1o5Q=",
                              "requires": {
                                        "css": "~1.0.8",
                                        "promise": "~2.0",
                                        "uglify-js": "~2.2.5"
                              }
                    },
                    "ttf2eot": {
                              "version": "1.2.0",
                              "resolved": "https://registry.npmjs.org/ttf2eot/-/ttf2eot-1.2.0.tgz",
                              "integrity": "sha1-bDUnNxV8VM6jhRdTEhB51AK14vc=",
                              "requires": {
                                        "argparse": "~0.1.12"
                              }
                    },
                    "ttf2woff": {
                              "version": "1.0.1",
                              "resolved": "https://registry.npmjs.org/ttf2woff/-/ttf2woff-1.0.1.tgz",
                              "integrity": "sha1-eLL0WdO9DdzgsZ2t2rm2fDuxtYs=",
                              "requires": {
                                        "argparse": "~0.1.12"
                              }
                    },
                    "uglify-js": {
                              "version": "2.2.5",
                              "resolved": "https://registry.npmjs.org/uglify-js/-/uglify-js-2.2.5.tgz",
                              "integrity": "sha1-puAqcNg5eSuXgEiLe4sYTAlcmcc=",
                              "requires": {
                                        "optimist": "~0.3.5",
                                        "source-map": "~0.1.7"
                              }
                    },
                    "underscore": {
                              "version": "1.7.0",
                              "resolved": "https://registry.npmjs.org/underscore/-/underscore-1.7.0.tgz",
                              "integrity": "sha1-a7rwh3UA02vjTsqlhODbn+8DUgk="
                    },
                    "underscore.string": {
                              "version": "2.4.0",
                              "resolved": "https://registry.npmjs.org/underscore.string/-/underscore.string-2.4.0.tgz",
                              "integrity": "sha1-jN2PusTi0uoefi6Al8QvRCKA+Fs="
                    },
                    "whet.extend": {
                              "version": "0.9.9",
                              "resolved": "https://registry.npmjs.org/whet.extend/-/whet.extend-0.9.9.tgz",
                              "integrity": "sha1-+HfVv2SMl+WqVC+twW1qJZucEaE="
                    },
                    "wordwrap": {
                              "version": "0.0.3",
                              "resolved": "https://registry.npmjs.org/wordwrap/-/wordwrap-0.0.3.tgz",
                              "integrity": "sha1-o9XabNXAvAAI03I0u68b7WMFkQc="
                    },
                    "xmldom": {
                              "version": "0.1.31",
                              "resolved": "https://registry.npmjs.org/xmldom/-/xmldom-0.1.31.tgz",
                              "integrity": "sha512-yS2uJflVQs6n+CyjHoaBmVSqIDevTAWrzMmjG1Gc7h1qQ7uVozNhEPJAwZXWyGQ/Gafo3fCwrcaokezLPupVyQ=="
                    }
          }
}
